{
  "name": "open-abap-rest",
  "version": "1.0.0",
  "lockfileVersion": 3,
  "requires": true,
  "packages": {
    "": {
      "name": "open-abap-rest",
      "version": "1.0.0",
      "dependencies": {
        "@abaplint/cli": "^2.119.37"
      }
    },
    "node_modules/@abaplint/cli": {
      "version": "2.119.37",
      "resolved": "https://registry.npmjs.org/@abaplint/cli/-/cli-2.119.37.tgz",
      "integrity": "sha512-Jc6Y8raPLJTyrqzX3cuUgDbIBk3Xc5/rgdir39g1DLJMy1awUdyByxKFxGMdBdtEIbjr/Wqt0jHG4VZNnENnUA==",
      "license": "MIT",
      "bin": {
        "abaplint": "abaplint"
      },
      "engines": {
        "node": ">=18.0.0"
      },
      "funding": {
        "url": "https://github.com/sponsors/larshp"
      }
    }
  }
}
